{
  "projects": [
    {
      "projectId": "2XiRTrANos1tumXyUCiwGi",
      "version": "latest",
      "dependencies": {},
      "lang": "ts",
      "fileLocks": [
        {
          "type": "globalVariant",
          "assetId": "8PcldN-v8wN5t",
          "checksum": "4f699fd10773784b873c72e83f97fb2b"
        },
        {
          "assetId": "2XiRTrANos1tumXyUCiwGi",
          "type": "projectCss",
          "checksum": "ff7bb602812a69e8de2116b935fe2c6b"
        },
        {
          "type": "renderModule",
          "assetId": "8Ghk_wof3WeOv",
          "checksum": "e4b8d2b30684809db59d2186736bec3e"
        },
        {
          "type": "cssRules",
          "assetId": "8Ghk_wof3WeOv",
          "checksum": "e4b8d2b30684809db59d2186736bec3e"
        },
        {
          "type": "renderModule",
          "assetId": "tEo7NoT2mFZc1",
          "checksum": "0ab4f22e8c434f176f38ebed2d2c73bc"
        },
        {
          "type": "cssRules",
          "assetId": "tEo7NoT2mFZc1",
          "checksum": "0ab4f22e8c434f176f38ebed2d2c73bc"
        },
        {
          "type": "renderModule",
          "assetId": "dJmYHuRwCVQzR",
          "checksum": "180dbf48a52a1ee8651095e9ecd439ae"
        },
        {
          "type": "cssRules",
          "assetId": "dJmYHuRwCVQzR",
          "checksum": "180dbf48a52a1ee8651095e9ecd439ae"
        },
        {
          "type": "renderModule",
          "assetId": "24wkGHGvgE9HH",
          "checksum": "f222c722a1f6b9de8562f5fc1d89de32"
        },
        {
          "type": "cssRules",
          "assetId": "24wkGHGvgE9HH",
          "checksum": "f222c722a1f6b9de8562f5fc1d89de32"
        },
        {
          "type": "renderModule",
          "assetId": "BgXuBZvOwyI8u",
          "checksum": "9d9bceb5d787d498463207a6b98dbd32"
        },
        {
          "type": "cssRules",
          "assetId": "BgXuBZvOwyI8u",
          "checksum": "9d9bceb5d787d498463207a6b98dbd32"
        },
        {
          "type": "renderModule",
          "assetId": "V-Yq_R5gIJ8NR",
          "checksum": "14e761b201f3a13e5c27512b76ac1f1d"
        },
        {
          "type": "cssRules",
          "assetId": "V-Yq_R5gIJ8NR",
          "checksum": "14e761b201f3a13e5c27512b76ac1f1d"
        },
        {
          "type": "renderModule",
          "assetId": "B7W9w2mioLlV2",
          "checksum": "3f54069f52d3c6f930a8a474db11be51"
        },
        {
          "type": "cssRules",
          "assetId": "B7W9w2mioLlV2",
          "checksum": "3f54069f52d3c6f930a8a474db11be51"
        },
        {
          "type": "icon",
          "assetId": "CGRgROc1KqTS9",
          "checksum": "b5f36b31f1bf0112f64b157e1e5d82fe"
        }
      ]
    }
  ],
  "cliVersion": "0.1.152"
}
